
Microsoft Visual Studio Solution File, Format Version 11.00
# Visual Studio 2010
Project("{8BC9CEB8-8B4A-11D0-8D11-00A0C91BC942}") = "testOpenCv", "testOpenCv\testOpenCv.vcxproj", "{CE4F9D7D-CB46-47D2-A5E3-1359E2B7D285}"
EndProject
Global
	GlobalSection(SolutionConfigurationPlatforms) = preSolution
		Debug|Win32 = Debug|Win32
		Release|Win32 = Release|Win32
	EndGlobalSection
	GlobalSection(ProjectConfigurationPlatforms) = postSolution
		{CE4F9D7D-CB46-47D2-A5E3-1359E2B7D285}.Debug|Win32.ActiveCfg = Debug|Win32
		{CE4F9D7D-CB46-47D2-A5E3-1359E2B7D285}.Debug|Win32.Build.0 = Debug|Win32
		{CE4F9D7D-CB46-47D2-A5E3-1359E2B7D285}.Release|Win32.ActiveCfg = Release|Win32
		{CE4F9D7D-CB46-47D2-A5E3-1359E2B7D285}.Release|Win32.Build.0 = Release|Win32
	EndGlobalSection
	GlobalSection(SolutionProperties) = preSolution
		HideSolutionNode = FALSE
	EndGlobalSection
EndGlobal
